{
  "name": "yoonso-lotto",
  "version": "2.0.0",
  "lockfileVersion": 3,
  "requires": true,
  "packages": {
    "": {
      "name": "yoonso-lotto",
      "version": "2.0.0",
      "license": "ISC",
      "dependencies": {
        "react": "^18.2.0",
        "react-dom": "^18.2.0"
      },
      "devDependencies": {
        "@vitejs/plugin-react": "^4.0.0",
        "vite": "^5.0.0"
      }
    },
    "node_modules/@vitejs/plugin-react": {
      "version": "4.0.0",
      "resolved": "https://registry.npmjs.org/@vitejs/plugin-react/-/plugin-react-4.0.0.tgz",
      "integrity": "sha512-uBznZMSVa1Ld9zYOY5SyW7D0WvYqVspwDuUv8GQIvjEGhwfdDW1rE6OT4gT6zSOrUKakBB97FTuGHazAvzXslA==",
      "dev": true,
      "engines": {
        "node": ">=14.18.0"
      },
      "peerDependencies": {
        "vite": "^4.2.0 || ^5.0.0"
      }
    },
    "node_modules/react": {
      "version": "18.2.0",
      "resolved": "https://registry.npmjs.org/react/-/react-18.2.0.tgz",
      "integrity": "sha512-6j0bUMXoC1lLbkOzPJeZ4d8sv2NWQKGP0HPx+PrqWcwjE8Je+zhKSkTGxkpEygskK3/2z4DKN1ejISjYkD1Ftw=="
    },
    "node_modules/react-dom": {
      "version": "18.2.0",
      "resolved": "https://registry.npmjs.org/react-dom/-/react-dom-18.2.0.tgz",
      "integrity": "sha512-bnGIpjpjXCx3Ga2w0Ep+Z8UO4p6iU6UuGmD8D3V7D9w2GpXkS4gBQlVkZmBGyzzKf8RTUEI+soOs+1sc75+UjA==",
      "peerDependencies": {
        "react": "18.2.0"
      }
    },
    "node_modules/vite": {
      "version": "5.0.0",
      "resolved": "https://registry.npmjs.org/vite/-/vite-5.0.0.tgz",
      "integrity": "sha512-VTY2CSKnUuWh3qokBfeAKmFK2TzUZTjE8hGBQQ5Foa9Duln+s6NxClV17lfjaDLt0PhlFVUO/RVZcXZ/HRuFiA==",
      "dev": true,
      "bin": {
        "vite": "bin/vite.js"
      },
      "engines": {
        "node": "^18.0.0 || >=20.0.0"
      }
    }
  }
}
